PODS:
  - AMSmoothAlert (1.1):
    - GPUImage
  - GPUImage (0.1.6)
  - MagicalRecord (2.2):
    - MagicalRecord/Core (= 2.2)
  - MagicalRecord/Core (2.2)

DEPENDENCIES:
  - AMSmoothAlert (~> 1.0)
  - MagicalRecord (~> 2.2)

SPEC CHECKSUMS:
  AMSmoothAlert: 108cf0fc3eea9256ccfdcd9deaa283999ac1e47e
  GPUImage: 4675ce4a5370ca92fcea8623b2a08b8f0c51b940
  MagicalRecord: f8a56bb87ab6552f20c4bb8681a1958a197ea3cd

COCOAPODS: 0.37.1
